
Microsoft Visual Studio Solution File, Format Version 12.00
# Visual Studio Version 17
VisualStudioVersion = 17.0.31903.59
MinimumVisualStudioVersion = 10.0.40219.1
Project("{FAE04EC0-301F-11D3-BF4B-00C04F79EFBC}") = "TelegramBotService", "src\TelegramBotService\TelegramBotService.csproj", "{DAB52012-6C2A-41EA-BF4B-719FE4911B77}"
EndProject
Project("{2150E333-8FDC-42A3-9474-1A3956D46DE8}") = "src", "src", "{478B3F84-2565-42F5-931D-E93E02FDFBAF}"
EndProject
Global
	GlobalSection(SolutionConfigurationPlatforms) = preSolution
		Debug|Any CPU = Debug|Any CPU
		Release|Any CPU = Release|Any CPU
	EndGlobalSection
	GlobalSection(SolutionProperties) = preSolution
		HideSolutionNode = FALSE
	EndGlobalSection
	GlobalSection(ProjectConfigurationPlatforms) = postSolution
		{DAB52012-6C2A-41EA-BF4B-719FE4911B77}.Debug|Any CPU.ActiveCfg = Debug|Any CPU
		{DAB52012-6C2A-41EA-BF4B-719FE4911B77}.Debug|Any CPU.Build.0 = Debug|Any CPU
		{DAB52012-6C2A-41EA-BF4B-719FE4911B77}.Release|Any CPU.ActiveCfg = Release|Any CPU
		{DAB52012-6C2A-41EA-BF4B-719FE4911B77}.Release|Any CPU.Build.0 = Release|Any CPU
	EndGlobalSection
	GlobalSection(NestedProjects) = preSolution
		{DAB52012-6C2A-41EA-BF4B-719FE4911B77} = {478B3F84-2565-42F5-931D-E93E02FDFBAF}
	EndGlobalSection
EndGlobal
